
Microsoft Visual Studio Solution File, Format Version 12.00
# Visual Studio Version 17
VisualStudioVersion = 17.11.35303.130
MinimumVisualStudioVersion = 10.0.40219.1
Project("{FAE04EC0-301F-11D3-BF4B-00C04F79EFBC}") = "ConsoleApp18", "ConsoleApp18.csproj", "{34433CE6-F6ED-46F4-B04E-B94806A4CD85}"
EndProject
Global
	GlobalSection(SolutionConfigurationPlatforms) = preSolution
		Debug|Any CPU = Debug|Any CPU
		Release|Any CPU = Release|Any CPU
	EndGlobalSection
	GlobalSection(ProjectConfigurationPlatforms) = postSolution
		{34433CE6-F6ED-46F4-B04E-B94806A4CD85}.Debug|Any CPU.ActiveCfg = Debug|Any CPU
		{34433CE6-F6ED-46F4-B04E-B94806A4CD85}.Debug|Any CPU.Build.0 = Debug|Any CPU
		{34433CE6-F6ED-46F4-B04E-B94806A4CD85}.Release|Any CPU.ActiveCfg = Release|Any CPU
		{34433CE6-F6ED-46F4-B04E-B94806A4CD85}.Release|Any CPU.Build.0 = Release|Any CPU
	EndGlobalSection
	GlobalSection(SolutionProperties) = preSolution
		HideSolutionNode = FALSE
	EndGlobalSection
	GlobalSection(ExtensibilityGlobals) = postSolution
		SolutionGuid = {6020E545-A9C4-489C-B794-93F79D56505C}
	EndGlobalSection
EndGlobal
